
Microsoft Visual Studio Solution File, Format Version 12.00
# Visual Studio 2012
Project("{88A30576-7583-4F75-8136-5EFD2C14ADFF}") = "CrmPackage", "ChartMaps\CrmPackage\CrmPackage.csproj", "{BDC23679-8899-4564-BA62-1CFEC50EEFCD}"
EndProject
Global
	GlobalSection(CRMSolutionProperties) = preSolution
		SolutionIsBoundToCRM = True
	EndGlobalSection
	GlobalSection(SolutionConfigurationPlatforms) = preSolution
		Debug|Any CPU = Debug|Any CPU
		Release|Any CPU = Release|Any CPU
	EndGlobalSection
	GlobalSection(ProjectConfigurationPlatforms) = postSolution
		{BDC23679-8899-4564-BA62-1CFEC50EEFCD}.Debug|Any CPU.ActiveCfg = Debug|Any CPU
		{BDC23679-8899-4564-BA62-1CFEC50EEFCD}.Debug|Any CPU.Build.0 = Debug|Any CPU
		{BDC23679-8899-4564-BA62-1CFEC50EEFCD}.Debug|Any CPU.Deploy.0 = Debug|Any CPU
		{BDC23679-8899-4564-BA62-1CFEC50EEFCD}.Release|Any CPU.ActiveCfg = Release|Any CPU
		{BDC23679-8899-4564-BA62-1CFEC50EEFCD}.Release|Any CPU.Build.0 = Release|Any CPU
		{BDC23679-8899-4564-BA62-1CFEC50EEFCD}.Release|Any CPU.Deploy.0 = Release|Any CPU
	EndGlobalSection
	GlobalSection(SolutionProperties) = preSolution
		HideSolutionNode = FALSE
	EndGlobalSection
EndGlobal
